
Microsoft Visual Studio Solution File, Format Version 11.00
# Visual C++ Express 2010
Project("{8BC9CEB8-8B4A-11D0-8D11-00A0C91BC942}") = "jan", "jan\jan.vcxproj", "{9103984B-AD0F-4515-9E78-0396B115D1AC}"
EndProject
Global
	GlobalSection(SolutionConfigurationPlatforms) = preSolution
		Debug|Win32 = Debug|Win32
		Release|Win32 = Release|Win32
	EndGlobalSection
	GlobalSection(ProjectConfigurationPlatforms) = postSolution
		{9103984B-AD0F-4515-9E78-0396B115D1AC}.Debug|Win32.ActiveCfg = Debug|Win32
		{9103984B-AD0F-4515-9E78-0396B115D1AC}.Debug|Win32.Build.0 = Debug|Win32
		{9103984B-AD0F-4515-9E78-0396B115D1AC}.Release|Win32.ActiveCfg = Release|Win32
		{9103984B-AD0F-4515-9E78-0396B115D1AC}.Release|Win32.Build.0 = Release|Win32
	EndGlobalSection
	GlobalSection(SolutionProperties) = preSolution
		HideSolutionNode = FALSE
	EndGlobalSection
EndGlobal
